
Microsoft Visual Studio Solution File, Format Version 12.00
# Visual Studio 15
VisualStudioVersion = 15.0.27703.2042
MinimumVisualStudioVersion = 10.0.40219.1
Project("{FAE04EC0-301F-11D3-BF4B-00C04F79EFBC}") = "MorningNewsPaper", "MorningNewsPaper\MorningNewsPaper.csproj", "{FE482124-9B83-4A95-89F0-2392018BC877}"
EndProject
Global
	GlobalSection(SolutionConfigurationPlatforms) = preSolution
		Debug|Any CPU = Debug|Any CPU
		Release|Any CPU = Release|Any CPU
	EndGlobalSection
	GlobalSection(ProjectConfigurationPlatforms) = postSolution
		{FE482124-9B83-4A95-89F0-2392018BC877}.Debug|Any CPU.ActiveCfg = Debug|Any CPU
		{FE482124-9B83-4A95-89F0-2392018BC877}.Debug|Any CPU.Build.0 = Debug|Any CPU
		{FE482124-9B83-4A95-89F0-2392018BC877}.Release|Any CPU.ActiveCfg = Release|Any CPU
		{FE482124-9B83-4A95-89F0-2392018BC877}.Release|Any CPU.Build.0 = Release|Any CPU
	EndGlobalSection
	GlobalSection(SolutionProperties) = preSolution
		HideSolutionNode = FALSE
	EndGlobalSection
	GlobalSection(ExtensibilityGlobals) = postSolution
		SolutionGuid = {0EA25BC0-CC27-4A31-B88D-E4D5AE18C836}
	EndGlobalSection
EndGlobal
